
Microsoft Visual Studio Solution File, Format Version 12.00
# Visual Studio Version 16
VisualStudioVersion = 16.0.30804.86
MinimumVisualStudioVersion = 10.0.40219.1
Project("{FAE04EC0-301F-11D3-BF4B-00C04F79EFBC}") = "Unicorn.CoreTypes", "Unicorn.CoreTypes\Unicorn.CoreTypes.csproj", "{B7CAB1FA-F50C-4315-96D5-02729006C574}"
EndProject
Project("{FAE04EC0-301F-11D3-BF4B-00C04F79EFBC}") = "Unicorn", "Unicorn\Unicorn.csproj", "{07F67EF4-5262-43D4-B7B5-4FC9B84025A4}"
EndProject
Project("{FAE04EC0-301F-11D3-BF4B-00C04F79EFBC}") = "Unicorn.FontTools.OpenType", "Unicorn.FontTools.OpenType\Unicorn.FontTools.OpenType.csproj", "{487631E5-2C80-4A1D-A643-598F5853688F}"
EndProject
Global
	GlobalSection(SolutionConfigurationPlatforms) = preSolution
		Debug|Any CPU = Debug|Any CPU
		Release|Any CPU = Release|Any CPU
	EndGlobalSection
	GlobalSection(ProjectConfigurationPlatforms) = postSolution
		{B7CAB1FA-F50C-4315-96D5-02729006C574}.Debug|Any CPU.ActiveCfg = Debug|Any CPU
		{B7CAB1FA-F50C-4315-96D5-02729006C574}.Debug|Any CPU.Build.0 = Debug|Any CPU
		{B7CAB1FA-F50C-4315-96D5-02729006C574}.Release|Any CPU.ActiveCfg = Release|Any CPU
		{B7CAB1FA-F50C-4315-96D5-02729006C574}.Release|Any CPU.Build.0 = Release|Any CPU
		{07F67EF4-5262-43D4-B7B5-4FC9B84025A4}.Debug|Any CPU.ActiveCfg = Debug|Any CPU
		{07F67EF4-5262-43D4-B7B5-4FC9B84025A4}.Debug|Any CPU.Build.0 = Debug|Any CPU
		{07F67EF4-5262-43D4-B7B5-4FC9B84025A4}.Release|Any CPU.ActiveCfg = Release|Any CPU
		{07F67EF4-5262-43D4-B7B5-4FC9B84025A4}.Release|Any CPU.Build.0 = Release|Any CPU
		{487631E5-2C80-4A1D-A643-598F5853688F}.Debug|Any CPU.ActiveCfg = Debug|Any CPU
		{487631E5-2C80-4A1D-A643-598F5853688F}.Debug|Any CPU.Build.0 = Debug|Any CPU
		{487631E5-2C80-4A1D-A643-598F5853688F}.Release|Any CPU.ActiveCfg = Release|Any CPU
		{487631E5-2C80-4A1D-A643-598F5853688F}.Release|Any CPU.Build.0 = Release|Any CPU
	EndGlobalSection
	GlobalSection(SolutionProperties) = preSolution
		HideSolutionNode = FALSE
	EndGlobalSection
	GlobalSection(ExtensibilityGlobals) = postSolution
		SolutionGuid = {96DF63C8-CE73-4BC5-B6B4-8C976B590604}
	EndGlobalSection
EndGlobal
